
Microsoft Visual Studio Solution File, Format Version 12.00
# Visual Studio Version 17
VisualStudioVersion = 17.11.35222.181
MinimumVisualStudioVersion = 10.0.40219.1
Project("{FAE04EC0-301F-11D3-BF4B-00C04F79EFBC}") = "task tracker app", "task tracker app\task tracker app.csproj", "{ECBFCB5F-51A9-47EE-B764-F19E82B5E526}"
EndProject
Global
	GlobalSection(SolutionConfigurationPlatforms) = preSolution
		Debug|Any CPU = Debug|Any CPU
		Release|Any CPU = Release|Any CPU
	EndGlobalSection
	GlobalSection(ProjectConfigurationPlatforms) = postSolution
		{ECBFCB5F-51A9-47EE-B764-F19E82B5E526}.Debug|Any CPU.ActiveCfg = Debug|Any CPU
		{ECBFCB5F-51A9-47EE-B764-F19E82B5E526}.Debug|Any CPU.Build.0 = Debug|Any CPU
		{ECBFCB5F-51A9-47EE-B764-F19E82B5E526}.Release|Any CPU.ActiveCfg = Release|Any CPU
		{ECBFCB5F-51A9-47EE-B764-F19E82B5E526}.Release|Any CPU.Build.0 = Release|Any CPU
	EndGlobalSection
	GlobalSection(SolutionProperties) = preSolution
		HideSolutionNode = FALSE
	EndGlobalSection
	GlobalSection(ExtensibilityGlobals) = postSolution
		SolutionGuid = {9B389586-08A1-457F-BB2F-A1A6C529743C}
	EndGlobalSection
EndGlobal
